
Microsoft Visual Studio Solution File, Format Version 12.00
# Visual Studio Version 17
VisualStudioVersion = 17.9.34728.123
MinimumVisualStudioVersion = 10.0.40219.1
Project("{FAE04EC0-301F-11D3-BF4B-00C04F79EFBC}") = "Kaplat_Ex4", "Kaplat Ex4\Kaplat_Ex4.csproj", "{6BEBA9CC-AA7E-4521-9794-6E32CC935B2C}"
EndProject
Project("{FAE04EC0-301F-11D3-BF4B-00C04F79EFBC}") = "Kaplat_Ex4_Docker", "Kaplat_Ex4_Docker\Kaplat_Ex4_Docker.csproj", "{CA12B1E9-0DA8-4422-8CE2-182AC3256D89}"
EndProject
Global
	GlobalSection(SolutionConfigurationPlatforms) = preSolution
		Debug|Any CPU = Debug|Any CPU
		Release|Any CPU = Release|Any CPU
	EndGlobalSection
	GlobalSection(ProjectConfigurationPlatforms) = postSolution
		{6BEBA9CC-AA7E-4521-9794-6E32CC935B2C}.Debug|Any CPU.ActiveCfg = Debug|Any CPU
		{6BEBA9CC-AA7E-4521-9794-6E32CC935B2C}.Debug|Any CPU.Build.0 = Debug|Any CPU
		{6BEBA9CC-AA7E-4521-9794-6E32CC935B2C}.Release|Any CPU.ActiveCfg = Release|Any CPU
		{6BEBA9CC-AA7E-4521-9794-6E32CC935B2C}.Release|Any CPU.Build.0 = Release|Any CPU
		{CA12B1E9-0DA8-4422-8CE2-182AC3256D89}.Debug|Any CPU.ActiveCfg = Debug|Any CPU
		{CA12B1E9-0DA8-4422-8CE2-182AC3256D89}.Debug|Any CPU.Build.0 = Debug|Any CPU
		{CA12B1E9-0DA8-4422-8CE2-182AC3256D89}.Release|Any CPU.ActiveCfg = Release|Any CPU
		{CA12B1E9-0DA8-4422-8CE2-182AC3256D89}.Release|Any CPU.Build.0 = Release|Any CPU
	EndGlobalSection
	GlobalSection(SolutionProperties) = preSolution
		HideSolutionNode = FALSE
	EndGlobalSection
	GlobalSection(ExtensibilityGlobals) = postSolution
		SolutionGuid = {F9628C87-5FF1-4905-B3D5-3DAD81BE83E8}
	EndGlobalSection
EndGlobal
